
Microsoft Visual Studio Solution File, Format Version 12.00
# Visual Studio Version 17
VisualStudioVersion = 17.12.35527.113
MinimumVisualStudioVersion = 10.0.40219.1
Project("{FAE04EC0-301F-11D3-BF4B-00C04F79EFBC}") = "TaskManagement.API", "TaskManagement.API\TaskManagement.API.csproj", "{FAA5C44A-7E15-47D5-80AB-3812A427E247}"
EndProject
Project("{FAE04EC0-301F-11D3-BF4B-00C04F79EFBC}") = "TaskManagement.Web", "TaskManagement.Web\TaskManagement.Web.csproj", "{DA5C0E56-E22E-41AC-959D-19B979845D77}"
EndProject
Global
	GlobalSection(SolutionConfigurationPlatforms) = preSolution
		Debug|Any CPU = Debug|Any CPU
		Release|Any CPU = Release|Any CPU
	EndGlobalSection
	GlobalSection(ProjectConfigurationPlatforms) = postSolution
		{FAA5C44A-7E15-47D5-80AB-3812A427E247}.Debug|Any CPU.ActiveCfg = Debug|Any CPU
		{FAA5C44A-7E15-47D5-80AB-3812A427E247}.Debug|Any CPU.Build.0 = Debug|Any CPU
		{FAA5C44A-7E15-47D5-80AB-3812A427E247}.Release|Any CPU.ActiveCfg = Release|Any CPU
		{FAA5C44A-7E15-47D5-80AB-3812A427E247}.Release|Any CPU.Build.0 = Release|Any CPU
		{DA5C0E56-E22E-41AC-959D-19B979845D77}.Debug|Any CPU.ActiveCfg = Debug|Any CPU
		{DA5C0E56-E22E-41AC-959D-19B979845D77}.Debug|Any CPU.Build.0 = Debug|Any CPU
		{DA5C0E56-E22E-41AC-959D-19B979845D77}.Release|Any CPU.ActiveCfg = Release|Any CPU
		{DA5C0E56-E22E-41AC-959D-19B979845D77}.Release|Any CPU.Build.0 = Release|Any CPU
	EndGlobalSection
	GlobalSection(SolutionProperties) = preSolution
		HideSolutionNode = FALSE
	EndGlobalSection
EndGlobal
